
Microsoft Visual Studio Solution File, Format Version 12.00
# Visual Studio Version 17
VisualStudioVersion = 17.3.32922.545
MinimumVisualStudioVersion = 10.0.40219.1
Project("{FAE04EC0-301F-11D3-BF4B-00C04F79EFBC}") = "build-job", "build-job\build-job.csproj", "{C8EC5775-92D1-480F-9E63-18ED4DE35163}"
EndProject
Global
	GlobalSection(SolutionConfigurationPlatforms) = preSolution
		Debug|Any CPU = Debug|Any CPU
		Release|Any CPU = Release|Any CPU
	EndGlobalSection
	GlobalSection(ProjectConfigurationPlatforms) = postSolution
		{C8EC5775-92D1-480F-9E63-18ED4DE35163}.Debug|Any CPU.ActiveCfg = Debug|Any CPU
		{C8EC5775-92D1-480F-9E63-18ED4DE35163}.Debug|Any CPU.Build.0 = Debug|Any CPU
		{C8EC5775-92D1-480F-9E63-18ED4DE35163}.Release|Any CPU.ActiveCfg = Release|Any CPU
		{C8EC5775-92D1-480F-9E63-18ED4DE35163}.Release|Any CPU.Build.0 = Release|Any CPU
	EndGlobalSection
	GlobalSection(SolutionProperties) = preSolution
		HideSolutionNode = FALSE
	EndGlobalSection
	GlobalSection(ExtensibilityGlobals) = postSolution
		SolutionGuid = {B3363274-0ADE-4BFC-BEB1-9CF062E9684D}
	EndGlobalSection
EndGlobal
